
Microsoft Visual Studio Solution File, Format Version 12.00
# Visual Studio 15
Project("{FAE04EC0-301F-11D3-BF4B-00C04F79EFBC}") = "Assembly-CSharp", "Assembly-CSharp.csproj", "{B06B9520-46A9-9448-1681-8EF3A997CC5C}"
EndProject
Project("{FAE04EC0-301F-11D3-BF4B-00C04F79EFBC}") = "Assembly-CSharp-Editor", "Assembly-CSharp-Editor.csproj", "{8F8783B4-E2AD-71DF-D683-183AEDF47212}"
EndProject
Global
	GlobalSection(SolutionConfigurationPlatforms) = preSolution
		Debug|Any CPU = Debug|Any CPU
		Release|Any CPU = Release|Any CPU
	EndGlobalSection
	GlobalSection(ProjectConfigurationPlatforms) = postSolution
		{B06B9520-46A9-9448-1681-8EF3A997CC5C}.Debug|Any CPU.ActiveCfg = Debug|Any CPU
		{B06B9520-46A9-9448-1681-8EF3A997CC5C}.Debug|Any CPU.Build.0 = Debug|Any CPU
		{B06B9520-46A9-9448-1681-8EF3A997CC5C}.Release|Any CPU.ActiveCfg = Release|Any CPU
		{B06B9520-46A9-9448-1681-8EF3A997CC5C}.Release|Any CPU.Build.0 = Release|Any CPU
		{8F8783B4-E2AD-71DF-D683-183AEDF47212}.Debug|Any CPU.ActiveCfg = Debug|Any CPU
		{8F8783B4-E2AD-71DF-D683-183AEDF47212}.Debug|Any CPU.Build.0 = Debug|Any CPU
		{8F8783B4-E2AD-71DF-D683-183AEDF47212}.Release|Any CPU.ActiveCfg = Release|Any CPU
		{8F8783B4-E2AD-71DF-D683-183AEDF47212}.Release|Any CPU.Build.0 = Release|Any CPU
	EndGlobalSection
	GlobalSection(SolutionProperties) = preSolution
		HideSolutionNode = FALSE
	EndGlobalSection
EndGlobal
